{
  "name": "baitline",
  "version": "0.1.0",
  "lockfileVersion": 3,
  "requires": true,
  "packages": {
    "": {
      "name": "baitline",
      "version": "0.1.0",
      "workspaces": [
        "server",
        "client"
      ],
      "engines": {
        "node": ">=24"
      }
    },
    "client": {
      "name": "@baitline/client",
      "version": "0.1.0",
      "bin": {
        "baitline": "src/cli.ts"
      },
      "devDependencies": {
        "@types/node": "^24.0.0",
        "typescript": "^5.8.0"
      }
    },
    "node_modules/@baitline/client": {
      "resolved": "client",
      "link": true
    },
    "node_modules/@baitline/server": {
      "resolved": "server",
      "link": true
    },
    "node_modules/@hono/node-server": {
      "version": "1.19.17",
      "license": "MIT",
      "engines": {
        "node": ">=18.14.1"
      },
      "peerDependencies": {
        "hono": "^4"
      }
    },
    "node_modules/@types/node": {
      "version": "24.13.4",
      "dev": true,
      "license": "MIT",
      "dependencies": {
        "undici-types": "~7.18.0"
      }
    },
    "node_modules/@types/nodemailer": {
      "version": "6.4.24",
      "dev": true,
      "license": "MIT",
      "dependencies": {
        "@types/node": "*"
      }
    },
    "node_modules/hono": {
      "version": "4.13.7",
      "license": "MIT",
      "engines": {
        "node": ">=16.9.0"
      }
    },
    "node_modules/nodemailer": {
      "version": "10.0.9",
      "license": "MIT-0",
      "engines": {
        "node": ">=20.0.0"
      }
    },
    "node_modules/typescript": {
      "version": "5.9.3",
      "dev": true,
      "license": "Apache-2.0",
      "bin": {
        "tsc": "bin/tsc",
        "tsserver": "bin/tsserver"
      },
      "engines": {
        "node": ">=14.17"
      }
    },
    "node_modules/undici-types": {
      "version": "7.18.2",
      "dev": true,
      "license": "MIT"
    },
    "server": {
      "name": "@baitline/server",
      "version": "0.1.0",
      "dependencies": {
        "@hono/node-server": "^1.14.0",
        "hono": "^4.7.0",
        "nodemailer": "^10.0.9"
      },
      "devDependencies": {
        "@types/node": "^24.0.0",
        "@types/nodemailer": "^6.4.17",
        "typescript": "^5.8.0"
      }
    }
  }
}
